{
    "_readme": [
        "This file locks the dependencies of your project to a known state",
        "Read more about it at https://getcomposer.org/doc/01-basic-usage.md#installing-dependencies",
        "This file is @generated automatically"
    ],
    "content-hash": "2d8b7302f8e39c88e76139a82727a44a",
    "packages": [
        {
            "name": "claviska/simpleimage",
            "version": "3.3.4",
            "source": {
                "type": "git",
                "url": "https://github.com/claviska/SimpleImage.git",
                "reference": "3786d80af8e6d05e5e42f0350e5e5da5b92041a0"
            },
            "dist": {
                "type": "zip",
                "url": "https://api.github.com/repos/claviska/SimpleImage/zipball/3786d80af8e6d05e5e42f0350e5e5da5b92041a0",
                "reference": "3786d80af8e6d05e5e42f0350e5e5da5b92041a0",
                "shasum": ""
            },
            "require": {
                "ext-gd": "*",
                "league/color-extractor": "0.3.*",
                "php": ">=5.6.0"
            },
            "type": "library",
            "autoload": {
                "psr-0": {
                    "claviska": "src/"
                }
            },
            "notification-url": "https://packagist.org/downloads/",
            "license": [
                "MIT"
            ],
            "authors": [
                {
                    "name": "Cory LaViska",
                    "homepage": "http://www.abeautifulsite.net/",
                    "role": "Developer"
                }
            ],
            "description": "A PHP class that makes working with images as simple as possible.",
            "time": "2019-09-26T01:22:02+00:00"
        },
        {
            "name": "league/color-extractor",
            "version": "0.3.2",
            "source": {
                "type": "git",
                "url": "https://github.com/thephpleague/color-extractor.git",
                "reference": "837086ec60f50c84c611c613963e4ad2e2aec806"
            },
            "dist": {
                "type": "zip",
                "url": "https://api.github.com/repos/thephpleague/color-extractor/zipball/837086ec60f50c84c611c613963e4ad2e2aec806",
                "reference": "837086ec60f50c84c611c613963e4ad2e2aec806",
                "shasum": ""
            },
            "require": {
                "ext-gd": "*",
                "php": ">=5.4.0"
            },
            "replace": {
                "matthecat/colorextractor": "*"
            },
            "require-dev": {
                "friendsofphp/php-cs-fixer": "~2",
                "phpunit/phpunit": "~5"
            },
            "type": "library",
            "autoload": {
                "psr-4": {
                    "": "src"
                }
            },
            "notification-url": "https://packagist.org/downloads/",
            "license": [
                "MIT"
            ],
            "authors": [
                {
                    "name": "Mathieu Lechat",
                    "email": "math.lechat@gmail.com",
                    "homepage": "http://matthecat.com",
                    "role": "Developer"
                }
            ],
            "description": "Extract colors from an image as a human would do.",
            "homepage": "https://github.com/thephpleague/color-extractor",
            "keywords": [
                "color",
                "extract",
                "human",
                "image",
                "palette"
            ],
            "time": "2016-12-15T09:30:02+00:00"
        },
        {
            "name": "psr/http-message",
            "version": "1.0.1",
            "source": {
                "type": "git",
                "url": "https://github.com/php-fig/http-message.git",
                "reference": "f6561bf28d520154e4b0ec72be95418abe6d9363"
            },
            "dist": {
                "type": "zip",
                "url": "https://api.github.com/repos/php-fig/http-message/zipball/f6561bf28d520154e4b0ec72be95418abe6d9363",
                "reference": "f6561bf28d520154e4b0ec72be95418abe6d9363",
                "shasum": ""
            },
            "require": {
                "php": ">=5.3.0"
            },
            "type": "library",
            "extra": {
                "branch-alias": {
                    "dev-master": "1.0.x-dev"
                }
            },
            "autoload": {
                "psr-4": {
                    "Psr\\Http\\Message\\": "src/"
                }
            },
            "notification-url": "https://packagist.org/downloads/",
            "license": [
                "MIT"
            ],
            "authors": [
                {
                    "name": "PHP-FIG",
                    "homepage": "http://www.php-fig.org/"
                }
            ],
            "description": "Common interface for HTTP messages",
            "homepage": "https://github.com/php-fig/http-message",
            "keywords": [
                "http",
                "http-message",
                "psr",
                "psr-7",
                "request",
                "response"
            ],
            "time": "2016-08-06T14:39:51+00:00"
        },
        {
            "name": "silassare/gobl",
            "version": "dev-master",
            "source": {
                "type": "git",
                "url": "https://github.com/silassare/gobl.git",
                "reference": "3b3f7516bace1921ffa14fc3ec797c48fff7fc43"
            },
            "dist": {
                "type": "zip",
                "url": "https://api.github.com/repos/silassare/gobl/zipball/3b3f7516bace1921ffa14fc3ec797c48fff7fc43",
                "reference": "3b3f7516bace1921ffa14fc3ec797c48fff7fc43",
                "shasum": ""
            },
            "require": {
                "ext-json": "*",
                "ext-pdo": "*",
                "php": ">=5.6.0",
                "silassare/otpl": ">=1.1.6"
            },
            "type": "library",
            "autoload": {
                "psr-4": {
                    "Gobl\\": "src"
                }
            },
            "notification-url": "https://packagist.org/downloads/",
            "license": [
                "MIT"
            ],
            "authors": [
                {
                    "name": "Emile Silas Sare",
                    "email": "emile.silas@gmail.com",
                    "homepage": "https://github.com/silassare"
                }
            ],
            "description": "Gobl allows you to use a Database Abstraction Layer (DBAL) and Object-Relational Mapping (ORM) to query your database with PHP.",
            "homepage": "https://github.com/silassare/gobl#readme",
            "keywords": [
                "crud",
                "dbal",
                "gobl",
                "mysql",
                "orm"
            ],
            "time": "2020-03-20T08:45:39+00:00"
        },
        {
            "name": "silassare/kli",
            "version": "dev-master",
            "source": {
                "type": "git",
                "url": "https://github.com/silassare/kli.git",
                "reference": "9c92c434f268e9de0bfceafafd9bcc7396f6ba91"
            },
            "dist": {
                "type": "zip",
                "url": "https://api.github.com/repos/silassare/kli/zipball/9c92c434f268e9de0bfceafafd9bcc7396f6ba91",
                "reference": "9c92c434f268e9de0bfceafafd9bcc7396f6ba91",
                "shasum": ""
            },
            "require": {
                "ext-readline": "*",
                "php": ">=5.6.0"
            },
            "type": "library",
            "autoload": {
                "psr-4": {
                    "Kli\\": "src"
                }
            },
            "notification-url": "https://packagist.org/downloads/",
            "license": [
                "MIT"
            ],
            "authors": [
                {
                    "name": "Emile Silas Sare",
                    "email": "emile.silas@gmail.com",
                    "homepage": "https://github.com/silassare"
                }
            ],
            "description": "Kli helps you add an interactive command-line interface to your php project.",
            "homepage": "https://github.com/silassare/kli#readme",
            "keywords": [
                "cli",
                "command",
                "command-line",
                "command-line-tool",
                "kli",
                "php-cli"
            ],
            "time": "2019-12-31T11:25:56+00:00"
        },
        {
            "name": "silassare/otpl",
            "version": "dev-master",
            "source": {
                "type": "git",
                "url": "https://github.com/silassare/otpl-php.git",
                "reference": "6409fd17e5ed14c242d81722ae827011cdcdfd4a"
            },
            "dist": {
                "type": "zip",
                "url": "https://api.github.com/repos/silassare/otpl-php/zipball/6409fd17e5ed14c242d81722ae827011cdcdfd4a",
                "reference": "6409fd17e5ed14c242d81722ae827011cdcdfd4a",
                "shasum": ""
            },
            "require": {
                "php": ">=5.6.0"
            },
            "type": "library",
            "autoload": {
                "psr-4": {
                    "OTpl\\": "src"
                }
            },
            "notification-url": "https://packagist.org/downloads/",
            "license": [
                "MIT"
            ],
            "authors": [
                {
                    "name": "Emile Silas Sare",
                    "email": "emile.silas@gmail.com",
                    "homepage": "https://github.com/silassare"
                }
            ],
            "description": "A simple template system write once run everywhere!",
            "homepage": "https://github.com/silassare/otpl-php#readme",
            "keywords": [
                "otemplate",
                "otpl",
                "template"
            ],
            "time": "2020-02-04T17:07:28+00:00"
        }
    ],
    "packages-dev": [],
    "aliases": [],
    "minimum-stability": "dev",
    "stability-flags": {
        "silassare/otpl": 20,
        "silassare/gobl": 20,
        "silassare/kli": 20
    },
    "prefer-stable": true,
    "prefer-lowest": false,
    "platform": {
        "php": ">=5.6.0",
        "ext-pdo": "*",
        "ext-json": "*",
        "ext-gd": "*",
        "ext-libxml": "*",
        "ext-simplexml": "*"
    },
    "platform-dev": []
}
